
Microsoft Visual Studio Solution File, Format Version 12.00
# Visual Studio Version 16
VisualStudioVersion = 16.0.29215.179
MinimumVisualStudioVersion = 10.0.40219.1
Project("{8BC9CEB8-8B4A-11D0-8D11-00A0C91BC942}") = "Week_ASM2", "Week_ASM2.vcxproj", "{888EB9A6-550B-4939-BC95-A12FCBF4FA49}"
EndProject
Global
	GlobalSection(SolutionConfigurationPlatforms) = preSolution
		Debug|x64 = Debug|x64
		Debug|x86 = Debug|x86
		Release|x64 = Release|x64
		Release|x86 = Release|x86
	EndGlobalSection
	GlobalSection(ProjectConfigurationPlatforms) = postSolution
		{888EB9A6-550B-4939-BC95-A12FCBF4FA49}.Debug|x64.ActiveCfg = Debug|x64
		{888EB9A6-550B-4939-BC95-A12FCBF4FA49}.Debug|x64.Build.0 = Debug|x64
		{888EB9A6-550B-4939-BC95-A12FCBF4FA49}.Debug|x86.ActiveCfg = Debug|Win32
		{888EB9A6-550B-4939-BC95-A12FCBF4FA49}.Debug|x86.Build.0 = Debug|Win32
		{888EB9A6-550B-4939-BC95-A12FCBF4FA49}.Release|x64.ActiveCfg = Release|x64
		{888EB9A6-550B-4939-BC95-A12FCBF4FA49}.Release|x64.Build.0 = Release|x64
		{888EB9A6-550B-4939-BC95-A12FCBF4FA49}.Release|x86.ActiveCfg = Release|Win32
		{888EB9A6-550B-4939-BC95-A12FCBF4FA49}.Release|x86.Build.0 = Release|Win32
	EndGlobalSection
	GlobalSection(SolutionProperties) = preSolution
		HideSolutionNode = FALSE
	EndGlobalSection
	GlobalSection(ExtensibilityGlobals) = postSolution
		SolutionGuid = {E9845C24-FE0F-423C-9626-75CD4B1F41F2}
	EndGlobalSection
EndGlobal
