
Microsoft Visual Studio Solution File, Format Version 12.00
# Visual Studio Version 16
VisualStudioVersion = 16.0.29215.179
MinimumVisualStudioVersion = 10.0.40219.1
Project("{8BC9CEB8-8B4A-11D0-8D11-00A0C91BC942}") = "CPL_HW2_2", "CPL_HW2_2.vcxproj", "{CA513A4A-35FC-4E7E-8B56-D26B93ADDEE4}"
EndProject
Global
	GlobalSection(SolutionConfigurationPlatforms) = preSolution
		Debug|x64 = Debug|x64
		Debug|x86 = Debug|x86
		Release|x64 = Release|x64
		Release|x86 = Release|x86
	EndGlobalSection
	GlobalSection(ProjectConfigurationPlatforms) = postSolution
		{CA513A4A-35FC-4E7E-8B56-D26B93ADDEE4}.Debug|x64.ActiveCfg = Debug|x64
		{CA513A4A-35FC-4E7E-8B56-D26B93ADDEE4}.Debug|x64.Build.0 = Debug|x64
		{CA513A4A-35FC-4E7E-8B56-D26B93ADDEE4}.Debug|x86.ActiveCfg = Debug|Win32
		{CA513A4A-35FC-4E7E-8B56-D26B93ADDEE4}.Debug|x86.Build.0 = Debug|Win32
		{CA513A4A-35FC-4E7E-8B56-D26B93ADDEE4}.Release|x64.ActiveCfg = Release|x64
		{CA513A4A-35FC-4E7E-8B56-D26B93ADDEE4}.Release|x64.Build.0 = Release|x64
		{CA513A4A-35FC-4E7E-8B56-D26B93ADDEE4}.Release|x86.ActiveCfg = Release|Win32
		{CA513A4A-35FC-4E7E-8B56-D26B93ADDEE4}.Release|x86.Build.0 = Release|Win32
	EndGlobalSection
	GlobalSection(SolutionProperties) = preSolution
		HideSolutionNode = FALSE
	EndGlobalSection
	GlobalSection(ExtensibilityGlobals) = postSolution
		SolutionGuid = {2D78ED8D-50A4-4969-8394-E5EBDF692278}
	EndGlobalSection
EndGlobal
