
Microsoft Visual Studio Solution File, Format Version 12.00
# Visual Studio Version 16
VisualStudioVersion = 16.0.29215.179
MinimumVisualStudioVersion = 10.0.40219.1
Project("{8BC9CEB8-8B4A-11D0-8D11-00A0C91BC942}") = "Week1_Lab1", "Week1_Lab1.vcxproj", "{FE57B5FA-65D4-47BC-B8F2-A4C76997CEC8}"
EndProject
Global
	GlobalSection(SolutionConfigurationPlatforms) = preSolution
		Debug|x64 = Debug|x64
		Debug|x86 = Debug|x86
		Release|x64 = Release|x64
		Release|x86 = Release|x86
	EndGlobalSection
	GlobalSection(ProjectConfigurationPlatforms) = postSolution
		{FE57B5FA-65D4-47BC-B8F2-A4C76997CEC8}.Debug|x64.ActiveCfg = Debug|x64
		{FE57B5FA-65D4-47BC-B8F2-A4C76997CEC8}.Debug|x64.Build.0 = Debug|x64
		{FE57B5FA-65D4-47BC-B8F2-A4C76997CEC8}.Debug|x86.ActiveCfg = Debug|Win32
		{FE57B5FA-65D4-47BC-B8F2-A4C76997CEC8}.Debug|x86.Build.0 = Debug|Win32
		{FE57B5FA-65D4-47BC-B8F2-A4C76997CEC8}.Release|x64.ActiveCfg = Release|x64
		{FE57B5FA-65D4-47BC-B8F2-A4C76997CEC8}.Release|x64.Build.0 = Release|x64
		{FE57B5FA-65D4-47BC-B8F2-A4C76997CEC8}.Release|x86.ActiveCfg = Release|Win32
		{FE57B5FA-65D4-47BC-B8F2-A4C76997CEC8}.Release|x86.Build.0 = Release|Win32
	EndGlobalSection
	GlobalSection(SolutionProperties) = preSolution
		HideSolutionNode = FALSE
	EndGlobalSection
	GlobalSection(ExtensibilityGlobals) = postSolution
		SolutionGuid = {D42DEC3B-FEC3-43B2-A09E-3A04DE0FC60B}
	EndGlobalSection
EndGlobal
